
Microsoft Visual Studio Solution File, Format Version 12.00
# Visual Studio Version 17
VisualStudioVersion = 17.0.31903.59
MinimumVisualStudioVersion = 10.0.40219.1
Project("{FAE04EC0-301F-11D3-BF4B-00C04F79EFBC}") = "TrainingGround", "TrainingGround\TrainingGround.csproj", "{92DE958D-15DF-4C9B-99A3-C60AE134AEF9}"
EndProject
Project("{FAE04EC0-301F-11D3-BF4B-00C04F79EFBC}") = "TrainingGround.Tests", "TrainingGround.Tests\TrainingGround.Tests.csproj", "{114F4851-280E-48BB-B98D-59D9E88C92A9}"
EndProject
Global
	GlobalSection(SolutionConfigurationPlatforms) = preSolution
		Debug|Any CPU = Debug|Any CPU
		Release|Any CPU = Release|Any CPU
	EndGlobalSection
	GlobalSection(SolutionProperties) = preSolution
		HideSolutionNode = FALSE
	EndGlobalSection
	GlobalSection(ProjectConfigurationPlatforms) = postSolution
		{92DE958D-15DF-4C9B-99A3-C60AE134AEF9}.Debug|Any CPU.ActiveCfg = Debug|Any CPU
		{92DE958D-15DF-4C9B-99A3-C60AE134AEF9}.Debug|Any CPU.Build.0 = Debug|Any CPU
		{92DE958D-15DF-4C9B-99A3-C60AE134AEF9}.Release|Any CPU.ActiveCfg = Release|Any CPU
		{92DE958D-15DF-4C9B-99A3-C60AE134AEF9}.Release|Any CPU.Build.0 = Release|Any CPU
		{114F4851-280E-48BB-B98D-59D9E88C92A9}.Debug|Any CPU.ActiveCfg = Debug|Any CPU
		{114F4851-280E-48BB-B98D-59D9E88C92A9}.Debug|Any CPU.Build.0 = Debug|Any CPU
		{114F4851-280E-48BB-B98D-59D9E88C92A9}.Release|Any CPU.ActiveCfg = Release|Any CPU
		{114F4851-280E-48BB-B98D-59D9E88C92A9}.Release|Any CPU.Build.0 = Release|Any CPU
	EndGlobalSection
EndGlobal
